{
  "name": "pcb-cdso",
  "version": "0.6.0",
  "lockfileVersion": 3,
  "requires": true,
  "packages": {
    "": {
      "name": "pcb-cdso",
      "version": "0.6.0",
      "workspaces": [
        "apps/*"
      ],
      "engines": {
        "node": ">=22.12 <23",
        "npm": ">=11 <12"
      }
    }
  }
}
